
Microsoft Visual Studio Solution File, Format Version 12.00
# Visual Studio Version 17
VisualStudioVersion = 17.5.33627.172
MinimumVisualStudioVersion = 10.0.40219.1
Project("{9A19103F-16F7-4668-BE54-9A1E7A4F7556}") = "C#Pro", "C#Pro.csproj", "{5C7C81F0-FE31-4E92-A106-FE709CA86176}"
EndProject
Project("{9A19103F-16F7-4668-BE54-9A1E7A4F7556}") = "homework_1", "homework_1\homework_1.csproj", "{F40DAA33-7BA4-4DB0-8ACB-05585378CF89}"
EndProject
Project("{9A19103F-16F7-4668-BE54-9A1E7A4F7556}") = "homework_2", "homework_2\homework_2\homework_2.csproj", "{02A113FD-ABE4-4ABC-8C85-F11DCFB1C2D0}"
EndProject
Project("{9A19103F-16F7-4668-BE54-9A1E7A4F7556}") = "BlackJack", "homework_3\BlackJack\BlackJack.csproj", "{DBDEFF7F-A0B7-42C5-9C34-90F6C5C67C6B}"
EndProject
Project("{FAE04EC0-301F-11D3-BF4B-00C04F79EFBC}") = "LINQ", "LINQ\LINQ.csproj", "{FE7B399C-28D7-4528-92AF-17AC6153CC6C}"
EndProject
Project("{9A19103F-16F7-4668-BE54-9A1E7A4F7556}") = "LINQ2", "LINQ2\LINQ2.csproj", "{A52D66AD-506A-4707-B58A-96EB17DE66B4}"
EndProject
Project("{FAE04EC0-301F-11D3-BF4B-00C04F79EFBC}") = "Threads", "Threads\Threads.csproj", "{68FB9D8F-8029-49FC-94EE-582B891255A6}"
EndProject
Global
	GlobalSection(SolutionConfigurationPlatforms) = preSolution
		Debug|Any CPU = Debug|Any CPU
		Release|Any CPU = Release|Any CPU
	EndGlobalSection
	GlobalSection(ProjectConfigurationPlatforms) = postSolution
		{5C7C81F0-FE31-4E92-A106-FE709CA86176}.Debug|Any CPU.ActiveCfg = Debug|Any CPU
		{5C7C81F0-FE31-4E92-A106-FE709CA86176}.Debug|Any CPU.Build.0 = Debug|Any CPU
		{5C7C81F0-FE31-4E92-A106-FE709CA86176}.Release|Any CPU.ActiveCfg = Release|Any CPU
		{5C7C81F0-FE31-4E92-A106-FE709CA86176}.Release|Any CPU.Build.0 = Release|Any CPU
		{F40DAA33-7BA4-4DB0-8ACB-05585378CF89}.Debug|Any CPU.ActiveCfg = Debug|Any CPU
		{F40DAA33-7BA4-4DB0-8ACB-05585378CF89}.Debug|Any CPU.Build.0 = Debug|Any CPU
		{F40DAA33-7BA4-4DB0-8ACB-05585378CF89}.Release|Any CPU.ActiveCfg = Release|Any CPU
		{F40DAA33-7BA4-4DB0-8ACB-05585378CF89}.Release|Any CPU.Build.0 = Release|Any CPU
		{02A113FD-ABE4-4ABC-8C85-F11DCFB1C2D0}.Debug|Any CPU.ActiveCfg = Debug|Any CPU
		{02A113FD-ABE4-4ABC-8C85-F11DCFB1C2D0}.Debug|Any CPU.Build.0 = Debug|Any CPU
		{02A113FD-ABE4-4ABC-8C85-F11DCFB1C2D0}.Release|Any CPU.ActiveCfg = Release|Any CPU
		{02A113FD-ABE4-4ABC-8C85-F11DCFB1C2D0}.Release|Any CPU.Build.0 = Release|Any CPU
		{DBDEFF7F-A0B7-42C5-9C34-90F6C5C67C6B}.Debug|Any CPU.ActiveCfg = Debug|Any CPU
		{DBDEFF7F-A0B7-42C5-9C34-90F6C5C67C6B}.Debug|Any CPU.Build.0 = Debug|Any CPU
		{DBDEFF7F-A0B7-42C5-9C34-90F6C5C67C6B}.Release|Any CPU.ActiveCfg = Release|Any CPU
		{DBDEFF7F-A0B7-42C5-9C34-90F6C5C67C6B}.Release|Any CPU.Build.0 = Release|Any CPU
		{FE7B399C-28D7-4528-92AF-17AC6153CC6C}.Debug|Any CPU.ActiveCfg = Debug|Any CPU
		{FE7B399C-28D7-4528-92AF-17AC6153CC6C}.Debug|Any CPU.Build.0 = Debug|Any CPU
		{FE7B399C-28D7-4528-92AF-17AC6153CC6C}.Release|Any CPU.ActiveCfg = Release|Any CPU
		{FE7B399C-28D7-4528-92AF-17AC6153CC6C}.Release|Any CPU.Build.0 = Release|Any CPU
		{A52D66AD-506A-4707-B58A-96EB17DE66B4}.Debug|Any CPU.ActiveCfg = Debug|Any CPU
		{A52D66AD-506A-4707-B58A-96EB17DE66B4}.Debug|Any CPU.Build.0 = Debug|Any CPU
		{A52D66AD-506A-4707-B58A-96EB17DE66B4}.Release|Any CPU.ActiveCfg = Release|Any CPU
		{A52D66AD-506A-4707-B58A-96EB17DE66B4}.Release|Any CPU.Build.0 = Release|Any CPU
		{68FB9D8F-8029-49FC-94EE-582B891255A6}.Debug|Any CPU.ActiveCfg = Debug|Any CPU
		{68FB9D8F-8029-49FC-94EE-582B891255A6}.Debug|Any CPU.Build.0 = Debug|Any CPU
		{68FB9D8F-8029-49FC-94EE-582B891255A6}.Release|Any CPU.ActiveCfg = Release|Any CPU
		{68FB9D8F-8029-49FC-94EE-582B891255A6}.Release|Any CPU.Build.0 = Release|Any CPU
	EndGlobalSection
	GlobalSection(SolutionProperties) = preSolution
		HideSolutionNode = FALSE
	EndGlobalSection
	GlobalSection(ExtensibilityGlobals) = postSolution
		SolutionGuid = {48703283-11EA-49CC-A99E-1215A5490166}
	EndGlobalSection
EndGlobal
