
Microsoft Visual Studio Solution File, Format Version 12.00
# Visual Studio Version 17
VisualStudioVersion = 17.8.34330.188
MinimumVisualStudioVersion = 10.0.40219.1
Project("{FAE04EC0-301F-11D3-BF4B-00C04F79EFBC}") = "CoolTest.Abstarctions", "CoolTest.Abstarctions\CoolTest.Abstarctions.csproj", "{290077B9-EBB5-4B73-8680-385DEDF9D5E5}"
EndProject
Project("{FAE04EC0-301F-11D3-BF4B-00C04F79EFBC}") = "CoolTest.Core", "CoolTest.Core\CoolTest.Core.csproj", "{7B0F2EB8-83E3-456F-A9C6-7CD16E5F3E63}"
EndProject
Project("{FAE04EC0-301F-11D3-BF4B-00C04F79EFBC}") = "CoolTest.CLI", "CoolTest.CLI\CoolTest.CLI.csproj", "{F1187445-0955-4FA0-987B-EECB2A32CFA0}"
EndProject
Global
	GlobalSection(SolutionConfigurationPlatforms) = preSolution
		Debug|Any CPU = Debug|Any CPU
		Release|Any CPU = Release|Any CPU
	EndGlobalSection
	GlobalSection(ProjectConfigurationPlatforms) = postSolution
		{290077B9-EBB5-4B73-8680-385DEDF9D5E5}.Debug|Any CPU.ActiveCfg = Debug|Any CPU
		{290077B9-EBB5-4B73-8680-385DEDF9D5E5}.Debug|Any CPU.Build.0 = Debug|Any CPU
		{290077B9-EBB5-4B73-8680-385DEDF9D5E5}.Release|Any CPU.ActiveCfg = Release|Any CPU
		{290077B9-EBB5-4B73-8680-385DEDF9D5E5}.Release|Any CPU.Build.0 = Release|Any CPU
		{7B0F2EB8-83E3-456F-A9C6-7CD16E5F3E63}.Debug|Any CPU.ActiveCfg = Debug|Any CPU
		{7B0F2EB8-83E3-456F-A9C6-7CD16E5F3E63}.Debug|Any CPU.Build.0 = Debug|Any CPU
		{7B0F2EB8-83E3-456F-A9C6-7CD16E5F3E63}.Release|Any CPU.ActiveCfg = Release|Any CPU
		{7B0F2EB8-83E3-456F-A9C6-7CD16E5F3E63}.Release|Any CPU.Build.0 = Release|Any CPU
		{F1187445-0955-4FA0-987B-EECB2A32CFA0}.Debug|Any CPU.ActiveCfg = Debug|Any CPU
		{F1187445-0955-4FA0-987B-EECB2A32CFA0}.Debug|Any CPU.Build.0 = Debug|Any CPU
		{F1187445-0955-4FA0-987B-EECB2A32CFA0}.Release|Any CPU.ActiveCfg = Release|Any CPU
		{F1187445-0955-4FA0-987B-EECB2A32CFA0}.Release|Any CPU.Build.0 = Release|Any CPU
	EndGlobalSection
	GlobalSection(SolutionProperties) = preSolution
		HideSolutionNode = FALSE
	EndGlobalSection
	GlobalSection(ExtensibilityGlobals) = postSolution
		SolutionGuid = {F99B69AA-3986-4321-8857-E3015218CEE0}
	EndGlobalSection
EndGlobal
