
Microsoft Visual Studio Solution File, Format Version 12.00
# Visual Studio Version 17
VisualStudioVersion = 17.5.33627.172
MinimumVisualStudioVersion = 10.0.40219.1
Project("{FAE04EC0-301F-11D3-BF4B-00C04F79EFBC}") = "Chat", "Chat.csproj", "{353C5AC2-4B3D-4012-B23F-01E56BFF7160}"
EndProject
Project("{FAE04EC0-301F-11D3-BF4B-00C04F79EFBC}") = "Client", "Client\Client.csproj", "{77A38D97-ACAB-4069-9EA9-69EC78C74F29}"
EndProject
Project("{FAE04EC0-301F-11D3-BF4B-00C04F79EFBC}") = "Server", "Server\Server.csproj", "{0100B202-B479-4496-BF32-46FB666FC271}"
EndProject
Global
	GlobalSection(SolutionConfigurationPlatforms) = preSolution
		Debug|Any CPU = Debug|Any CPU
		Release|Any CPU = Release|Any CPU
	EndGlobalSection
	GlobalSection(ProjectConfigurationPlatforms) = postSolution
		{353C5AC2-4B3D-4012-B23F-01E56BFF7160}.Debug|Any CPU.ActiveCfg = Debug|Any CPU
		{353C5AC2-4B3D-4012-B23F-01E56BFF7160}.Debug|Any CPU.Build.0 = Debug|Any CPU
		{353C5AC2-4B3D-4012-B23F-01E56BFF7160}.Release|Any CPU.ActiveCfg = Release|Any CPU
		{353C5AC2-4B3D-4012-B23F-01E56BFF7160}.Release|Any CPU.Build.0 = Release|Any CPU
		{77A38D97-ACAB-4069-9EA9-69EC78C74F29}.Debug|Any CPU.ActiveCfg = Debug|Any CPU
		{77A38D97-ACAB-4069-9EA9-69EC78C74F29}.Debug|Any CPU.Build.0 = Debug|Any CPU
		{77A38D97-ACAB-4069-9EA9-69EC78C74F29}.Release|Any CPU.ActiveCfg = Release|Any CPU
		{77A38D97-ACAB-4069-9EA9-69EC78C74F29}.Release|Any CPU.Build.0 = Release|Any CPU
		{0100B202-B479-4496-BF32-46FB666FC271}.Debug|Any CPU.ActiveCfg = Debug|Any CPU
		{0100B202-B479-4496-BF32-46FB666FC271}.Debug|Any CPU.Build.0 = Debug|Any CPU
		{0100B202-B479-4496-BF32-46FB666FC271}.Release|Any CPU.ActiveCfg = Release|Any CPU
		{0100B202-B479-4496-BF32-46FB666FC271}.Release|Any CPU.Build.0 = Release|Any CPU
	EndGlobalSection
	GlobalSection(SolutionProperties) = preSolution
		HideSolutionNode = FALSE
	EndGlobalSection
	GlobalSection(ExtensibilityGlobals) = postSolution
		SolutionGuid = {D579D28D-1C07-4209-A9A9-B877172EB643}
	EndGlobalSection
EndGlobal
