
Microsoft Visual Studio Solution File, Format Version 12.00
# Visual Studio Version 17
VisualStudioVersion = 17.7.34221.43
MinimumVisualStudioVersion = 10.0.40219.1
Project("{FAE04EC0-301F-11D3-BF4B-00C04F79EFBC}") = "DataStructers", "DataStructers\DataStructers.csproj", "{980F81A4-DBFE-4A0E-B6AD-61252198DE8E}"
EndProject
Project("{FAE04EC0-301F-11D3-BF4B-00C04F79EFBC}") = "DataStructures.Lib", "DataStructures.Lib\DataStructures.Lib.csproj", "{BECA641E-9860-4494-943E-240474DD5153}"
EndProject
Global
	GlobalSection(SolutionConfigurationPlatforms) = preSolution
		Debug|Any CPU = Debug|Any CPU
		Release|Any CPU = Release|Any CPU
	EndGlobalSection
	GlobalSection(ProjectConfigurationPlatforms) = postSolution
		{980F81A4-DBFE-4A0E-B6AD-61252198DE8E}.Debug|Any CPU.ActiveCfg = Debug|Any CPU
		{980F81A4-DBFE-4A0E-B6AD-61252198DE8E}.Debug|Any CPU.Build.0 = Debug|Any CPU
		{980F81A4-DBFE-4A0E-B6AD-61252198DE8E}.Release|Any CPU.ActiveCfg = Release|Any CPU
		{980F81A4-DBFE-4A0E-B6AD-61252198DE8E}.Release|Any CPU.Build.0 = Release|Any CPU
		{BECA641E-9860-4494-943E-240474DD5153}.Debug|Any CPU.ActiveCfg = Debug|Any CPU
		{BECA641E-9860-4494-943E-240474DD5153}.Debug|Any CPU.Build.0 = Debug|Any CPU
		{BECA641E-9860-4494-943E-240474DD5153}.Release|Any CPU.ActiveCfg = Release|Any CPU
		{BECA641E-9860-4494-943E-240474DD5153}.Release|Any CPU.Build.0 = Release|Any CPU
	EndGlobalSection
	GlobalSection(SolutionProperties) = preSolution
		HideSolutionNode = FALSE
	EndGlobalSection
	GlobalSection(ExtensibilityGlobals) = postSolution
		SolutionGuid = {723B77AA-C537-4CA7-8B7A-F4696FF481A2}
	EndGlobalSection
EndGlobal
